// !$*UTF8*$!
{
	archiveVersion = 1;
	classes = {
	};
	objectVersion = 56;
	objects = {

/* Begin PBXBuildFile section */
		66734DD13F7637A6E5676AC7 /* CoreData.framework in Frameworks */ = {isa = PBXBuildFile; fileRef = 45ADD5EBC55416FD28AF6941 /* CoreData.framework */; };
		BD71BC21B0012B011F4B57D1 /* XCTest.framework in Frameworks */ = {isa = PBXBuildFile; fileRef = CE296390D1E4A2BFE0193C79 /* XCTest.framework */; };
		CE9446BA30371F9600D23BA1 /* NSTransformableAttributeTests.m in Sources */ = {isa = PBXBuildFile; fileRef = CE9446B930371F9600D23BA1 /* NSTransformableAttributeTests.m */; };
		CE9446BC30373B5C00D23BA1 /* NSDerivedAttributeTests.m in Sources */ = {isa = PBXBuildFile; fileRef = CE9446BB30373B5C00D23BA1 /* NSDerivedAttributeTests.m */; };
		CE9446BE30390AAA00D23BA1 /* NSCountAndExistingObjectTests.m in Sources */ = {isa = PBXBuildFile; fileRef = CE9446BD30390AAA00D23BA1 /* NSCountAndExistingObjectTests.m */; };
		CE9446C0303A0BBB00D23BA1 /* NSPendingChangesFetchTests.m in Sources */ = {isa = PBXBuildFile; fileRef = CE9446BF303A0BBB00D23BA1 /* NSPendingChangesFetchTests.m */; };
		CED0149F3032FF59009517DE /* NSPersistentStoreRequestTests.m in Sources */ = {isa = PBXBuildFile; fileRef = CED014993032FF59009517DE /* NSPersistentStoreRequestTests.m */; };
		CED014A03032FF59009517DE /* NSIncrementalStoreNodeTests.m in Sources */ = {isa = PBXBuildFile; fileRef = CED014933032FF59009517DE /* NSIncrementalStoreNodeTests.m */; };
		CED014A13032FF59009517DE /* NSManagedObjectModelTests.m in Sources */ = {isa = PBXBuildFile; fileRef = CED014963032FF59009517DE /* NSManagedObjectModelTests.m */; };
		CED014A23032FF59009517DE /* MappingModelTests.m in Sources */ = {isa = PBXBuildFile; fileRef = CED0148F3032FF59009517DE /* MappingModelTests.m */; };
		CED014A33032FF59009517DE /* NSXMLPersistentStoreTests.m in Sources */ = {isa = PBXBuildFile; fileRef = CED0149A3032FF59009517DE /* NSXMLPersistentStoreTests.m */; };
		CED014A43032FF59009517DE /* NSPersistentStoreCoordinatorTests.m in Sources */ = {isa = PBXBuildFile; fileRef = CED014973032FF59009517DE /* NSPersistentStoreCoordinatorTests.m */; };
		CED014A53032FF59009517DE /* VersionHashTests.m in Sources */ = {isa = PBXBuildFile; fileRef = CED0149C3032FF59009517DE /* VersionHashTests.m */; };
		CED014A63032FF59009517DE /* NSPersistentStoreCoordinatorTypeMismatchTests.m in Sources */ = {isa = PBXBuildFile; fileRef = CED014983032FF59009517DE /* NSPersistentStoreCoordinatorTypeMismatchTests.m */; };
		CED014A73032FF59009517DE /* StoreVersioningTests.m in Sources */ = {isa = PBXBuildFile; fileRef = CED0149B3032FF59009517DE /* StoreVersioningTests.m */; };
		CED014A83032FF59009517DE /* MemoryIncrementalStore.m in Sources */ = {isa = PBXBuildFile; fileRef = CED014913032FF59009517DE /* MemoryIncrementalStore.m */; };
		CED014A93032FF59009517DE /* NSManagedObjectContextTests.m in Sources */ = {isa = PBXBuildFile; fileRef = CED014953032FF59009517DE /* NSManagedObjectContextTests.m */; };
		CED014AA3032FF59009517DE /* NSIncrementalStoreTests.m in Sources */ = {isa = PBXBuildFile; fileRef = CED014943032FF59009517DE /* NSIncrementalStoreTests.m */; };
		CED014AB3032FF59009517DE /* VersioningTestModels.m in Sources */ = {isa = PBXBuildFile; fileRef = CED0149E3032FF59009517DE /* VersioningTestModels.m */; };
		CED014AC3032FF59009517DE /* NSFetchRequestTests.m in Sources */ = {isa = PBXBuildFile; fileRef = CED014923032FF59009517DE /* NSFetchRequestTests.m */; };
		CED014B03032FF59009517DE /* NSSQLitePersistentStoreTests.m in Sources */ = {isa = PBXBuildFile; fileRef = CED014B13032FF59009517DE /* NSSQLitePersistentStoreTests.m */; };
		CED014C13032FF59009517DE /* NSManagedObjectValidationTests.m in Sources */ = {isa = PBXBuildFile; fileRef = CED014C23032FF59009517DE /* NSManagedObjectValidationTests.m */; };
		CED014C33032FF59009517DE /* NSManagedObjectLifecycleTests.m in Sources */ = {isa = PBXBuildFile; fileRef = CED014C43032FF59009517DE /* NSManagedObjectLifecycleTests.m */; };
		CED014C53032FF59009517DE /* NSMergePolicyTests.m in Sources */ = {isa = PBXBuildFile; fileRef = CED014C63032FF59009517DE /* NSMergePolicyTests.m */; };
		CED014E13032FF59009517DE /* NSFetchedResultsControllerTests.m in Sources */ = {isa = PBXBuildFile; fileRef = CED014E03032FF59009517DE /* NSFetchedResultsControllerTests.m */; };
/* End PBXBuildFile section */

/* Begin PBXFileReference section */
		45ADD5EBC55416FD28AF6941 /* CoreData.framework */ = {isa = PBXFileReference; lastKnownFileType = wrapper.framework; name = CoreData.framework; path = System/Library/Frameworks/CoreData.framework; sourceTree = SDKROOT; };
		71CCD365E3A654DA84DBA191 /* CoreDataTests.xctest */ = {isa = PBXFileReference; explicitFileType = wrapper.cfbundle; includeInIndex = 0; path = CoreDataTests.xctest; sourceTree = BUILT_PRODUCTS_DIR; };
		CE296390D1E4A2BFE0193C79 /* XCTest.framework */ = {isa = PBXFileReference; lastKnownFileType = wrapper.framework; name = XCTest.framework; path = Platforms/MacOSX.platform/Developer/Library/Frameworks/XCTest.framework; sourceTree = DEVELOPER_DIR; };
		CE9446B930371F9600D23BA1 /* NSTransformableAttributeTests.m */ = {isa = PBXFileReference; lastKnownFileType = sourcecode.c.objc; name = NSTransformableAttributeTests.m; path = Tests/NSTransformableAttributeTests.m; sourceTree = "<group>"; };
		CE9446BB30373B5C00D23BA1 /* NSDerivedAttributeTests.m */ = {isa = PBXFileReference; lastKnownFileType = sourcecode.c.objc; name = NSDerivedAttributeTests.m; path = Tests/NSDerivedAttributeTests.m; sourceTree = "<group>"; };
		CE9446BD30390AAA00D23BA1 /* NSCountAndExistingObjectTests.m */ = {isa = PBXFileReference; lastKnownFileType = sourcecode.c.objc; name = NSCountAndExistingObjectTests.m; path = Tests/NSCountAndExistingObjectTests.m; sourceTree = "<group>"; };
		CE9446BF303A0BBB00D23BA1 /* NSPendingChangesFetchTests.m */ = {isa = PBXFileReference; lastKnownFileType = sourcecode.c.objc; name = NSPendingChangesFetchTests.m; path = Tests/NSPendingChangesFetchTests.m; sourceTree = "<group>"; };
		CED0148F3032FF59009517DE /* MappingModelTests.m */ = {isa = PBXFileReference; lastKnownFileType = sourcecode.c.objc; name = MappingModelTests.m; path = Tests/MappingModelTests.m; sourceTree = "<group>"; };
		CED014903032FF59009517DE /* MemoryIncrementalStore.h */ = {isa = PBXFileReference; lastKnownFileType = sourcecode.c.h; name = MemoryIncrementalStore.h; path = Tests/MemoryIncrementalStore.h; sourceTree = "<group>"; };
		CED014913032FF59009517DE /* MemoryIncrementalStore.m */ = {isa = PBXFileReference; lastKnownFileType = sourcecode.c.objc; name = MemoryIncrementalStore.m; path = Tests/MemoryIncrementalStore.m; sourceTree = "<group>"; };
		CED014923032FF59009517DE /* NSFetchRequestTests.m */ = {isa = PBXFileReference; lastKnownFileType = sourcecode.c.objc; name = NSFetchRequestTests.m; path = Tests/NSFetchRequestTests.m; sourceTree = "<group>"; };
		CED014933032FF59009517DE /* NSIncrementalStoreNodeTests.m */ = {isa = PBXFileReference; lastKnownFileType = sourcecode.c.objc; name = NSIncrementalStoreNodeTests.m; path = Tests/NSIncrementalStoreNodeTests.m; sourceTree = "<group>"; };
		CED014943032FF59009517DE /* NSIncrementalStoreTests.m */ = {isa = PBXFileReference; lastKnownFileType = sourcecode.c.objc; name = NSIncrementalStoreTests.m; path = Tests/NSIncrementalStoreTests.m; sourceTree = "<group>"; };
		CED014953032FF59009517DE /* NSManagedObjectContextTests.m */ = {isa = PBXFileReference; lastKnownFileType = sourcecode.c.objc; name = NSManagedObjectContextTests.m; path = Tests/NSManagedObjectContextTests.m; sourceTree = "<group>"; };
		CED014963032FF59009517DE /* NSManagedObjectModelTests.m */ = {isa = PBXFileReference; lastKnownFileType = sourcecode.c.objc; name = NSManagedObjectModelTests.m; path = Tests/NSManagedObjectModelTests.m; sourceTree = "<group>"; };
		CED014973032FF59009517DE /* NSPersistentStoreCoordinatorTests.m */ = {isa = PBXFileReference; lastKnownFileType = sourcecode.c.objc; name = NSPersistentStoreCoordinatorTests.m; path = Tests/NSPersistentStoreCoordinatorTests.m; sourceTree = "<group>"; };
		CED014983032FF59009517DE /* NSPersistentStoreCoordinatorTypeMismatchTests.m */ = {isa = PBXFileReference; lastKnownFileType = sourcecode.c.objc; name = NSPersistentStoreCoordinatorTypeMismatchTests.m; path = Tests/NSPersistentStoreCoordinatorTypeMismatchTests.m; sourceTree = "<group>"; };
		CED014993032FF59009517DE /* NSPersistentStoreRequestTests.m */ = {isa = PBXFileReference; lastKnownFileType = sourcecode.c.objc; name = NSPersistentStoreRequestTests.m; path = Tests/NSPersistentStoreRequestTests.m; sourceTree = "<group>"; };
		CED0149A3032FF59009517DE /* NSXMLPersistentStoreTests.m */ = {isa = PBXFileReference; lastKnownFileType = sourcecode.c.objc; name = NSXMLPersistentStoreTests.m; path = Tests/NSXMLPersistentStoreTests.m; sourceTree = "<group>"; };
		CED0149B3032FF59009517DE /* StoreVersioningTests.m */ = {isa = PBXFileReference; lastKnownFileType = sourcecode.c.objc; name = StoreVersioningTests.m; path = Tests/StoreVersioningTests.m; sourceTree = "<group>"; };
		CED0149C3032FF59009517DE /* VersionHashTests.m */ = {isa = PBXFileReference; lastKnownFileType = sourcecode.c.objc; name = VersionHashTests.m; path = Tests/VersionHashTests.m; sourceTree = "<group>"; };
		CED0149D3032FF59009517DE /* VersioningTestModels.h */ = {isa = PBXFileReference; lastKnownFileType = sourcecode.c.h; name = VersioningTestModels.h; path = Tests/VersioningTestModels.h; sourceTree = "<group>"; };
		CED0149E3032FF59009517DE /* VersioningTestModels.m */ = {isa = PBXFileReference; lastKnownFileType = sourcecode.c.objc; name = VersioningTestModels.m; path = Tests/VersioningTestModels.m; sourceTree = "<group>"; };
		CED014B13032FF59009517DE /* NSSQLitePersistentStoreTests.m */ = {isa = PBXFileReference; lastKnownFileType = sourcecode.c.objc; name = NSSQLitePersistentStoreTests.m; path = Tests/NSSQLitePersistentStoreTests.m; sourceTree = "<group>"; };
		CED014C23032FF59009517DE /* NSManagedObjectValidationTests.m */ = {isa = PBXFileReference; lastKnownFileType = sourcecode.c.objc; name = NSManagedObjectValidationTests.m; path = Tests/NSManagedObjectValidationTests.m; sourceTree = "<group>"; };
		CED014C43032FF59009517DE /* NSManagedObjectLifecycleTests.m */ = {isa = PBXFileReference; lastKnownFileType = sourcecode.c.objc; name = NSManagedObjectLifecycleTests.m; path = Tests/NSManagedObjectLifecycleTests.m; sourceTree = "<group>"; };
		CED014C63032FF59009517DE /* NSMergePolicyTests.m */ = {isa = PBXFileReference; lastKnownFileType = sourcecode.c.objc; name = NSMergePolicyTests.m; path = Tests/NSMergePolicyTests.m; sourceTree = "<group>"; };
		CED014E03032FF59009517DE /* NSFetchedResultsControllerTests.m */ = {isa = PBXFileReference; lastKnownFileType = sourcecode.c.objc; name = NSFetchedResultsControllerTests.m; path = Tests/NSFetchedResultsControllerTests.m; sourceTree = "<group>"; };
/* End PBXFileReference section */

/* Begin PBXFrameworksBuildPhase section */
		42C6935F7ECD36E56E9084C8 /* Frameworks */ = {
			isa = PBXFrameworksBuildPhase;
			buildActionMask = 2147483647;
			files = (
				BD71BC21B0012B011F4B57D1 /* XCTest.framework in Frameworks */,
				66734DD13F7637A6E5676AC7 /* CoreData.framework in Frameworks */,
			);
			runOnlyForDeploymentPostprocessing = 0;
		};
/* End PBXFrameworksBuildPhase section */

/* Begin PBXGroup section */
		1BADDC1D73C1A20F347483E1 /* Products */ = {
			isa = PBXGroup;
			children = (
				71CCD365E3A654DA84DBA191 /* CoreDataTests.xctest */,
			);
			name = Products;
			sourceTree = "<group>";
		};
		24DFAD7E3B56719996E6F208 /* Tests */ = {
			isa = PBXGroup;
			children = (
				CE9446BB30373B5C00D23BA1 /* NSDerivedAttributeTests.m */,
				CE9446BD30390AAA00D23BA1 /* NSCountAndExistingObjectTests.m */,
				CE9446BF303A0BBB00D23BA1 /* NSPendingChangesFetchTests.m */,
				CE9446B930371F9600D23BA1 /* NSTransformableAttributeTests.m */,
				CED0148F3032FF59009517DE /* MappingModelTests.m */,
				CED014903032FF59009517DE /* MemoryIncrementalStore.h */,
				CED014913032FF59009517DE /* MemoryIncrementalStore.m */,
				CED014923032FF59009517DE /* NSFetchRequestTests.m */,
				CED014933032FF59009517DE /* NSIncrementalStoreNodeTests.m */,
				CED014943032FF59009517DE /* NSIncrementalStoreTests.m */,
				CED014953032FF59009517DE /* NSManagedObjectContextTests.m */,
				CED014E03032FF59009517DE /* NSFetchedResultsControllerTests.m */,
				CED014963032FF59009517DE /* NSManagedObjectModelTests.m */,
				CED014C23032FF59009517DE /* NSManagedObjectValidationTests.m */,
				CED014C43032FF59009517DE /* NSManagedObjectLifecycleTests.m */,
				CED014C63032FF59009517DE /* NSMergePolicyTests.m */,
				CED014973032FF59009517DE /* NSPersistentStoreCoordinatorTests.m */,
				CED014983032FF59009517DE /* NSPersistentStoreCoordinatorTypeMismatchTests.m */,
				CED014993032FF59009517DE /* NSPersistentStoreRequestTests.m */,
				CED0149A3032FF59009517DE /* NSXMLPersistentStoreTests.m */,
				CED0149B3032FF59009517DE /* StoreVersioningTests.m */,
				CED014B13032FF59009517DE /* NSSQLitePersistentStoreTests.m */,
				CED0149C3032FF59009517DE /* VersionHashTests.m */,
				CED0149D3032FF59009517DE /* VersioningTestModels.h */,
				CED0149E3032FF59009517DE /* VersioningTestModels.m */,
			);
			name = Tests;
			sourceTree = "<group>";
		};
		8D3FC6DB5D0827F168A73277 = {
			isa = PBXGroup;
			children = (
				24DFAD7E3B56719996E6F208 /* Tests */,
				1BADDC1D73C1A20F347483E1 /* Products */,
				CED0148E30322A24009517DE /* Recovered References */,
			);
			sourceTree = "<group>";
		};
		CED0148E30322A24009517DE /* Recovered References */ = {
			isa = PBXGroup;
			children = (
				CE296390D1E4A2BFE0193C79 /* XCTest.framework */,
				45ADD5EBC55416FD28AF6941 /* CoreData.framework */,
			);
			name = "Recovered References";
			sourceTree = "<group>";
		};
/* End PBXGroup section */

/* Begin PBXNativeTarget section */
		42AEFBAE01D2DFD981F7DA7D /* CoreDataTests */ = {
			isa = PBXNativeTarget;
			buildConfigurationList = DA175CD1FA74D86433C5E017 /* Build configuration list for PBXNativeTarget "CoreDataTests" */;
			buildPhases = (
				E01A798F85800330547DB3C0 /* Sources */,
				42C6935F7ECD36E56E9084C8 /* Frameworks */,
			);
			buildRules = (
			);
			dependencies = (
			);
			name = CoreDataTests;
			productName = CoreDataTests;
			productReference = 71CCD365E3A654DA84DBA191 /* CoreDataTests.xctest */;
			productType = "com.apple.product-type.bundle.unit-test";
		};
/* End PBXNativeTarget section */

/* Begin PBXProject section */
		46F86FAA6BBF9AC94A7E4595 /* Project object */ = {
			isa = PBXProject;
			attributes = {
				BuildIndependentTargetsInParallel = 1;
				LastUpgradeCheck = 1500;
				ORGANIZATIONNAME = GNUstep;
			};
			buildConfigurationList = 56283EBD6DD86A56CED63937 /* Build configuration list for PBXProject "CoreDataTests" */;
			compatibilityVersion = "Xcode 14.0";
			developmentRegion = en;
			hasScannedForEncodings = 0;
			knownRegions = (
				en,
				Base,
			);
			mainGroup = 8D3FC6DB5D0827F168A73277;
			productRefGroup = 1BADDC1D73C1A20F347483E1 /* Products */;
			projectDirPath = "";
			projectRoot = "";
			targets = (
				42AEFBAE01D2DFD981F7DA7D /* CoreDataTests */,
			);
		};
/* End PBXProject section */

/* Begin PBXSourcesBuildPhase section */
		E01A798F85800330547DB3C0 /* Sources */ = {
			isa = PBXSourcesBuildPhase;
			buildActionMask = 2147483647;
			files = (
				CED0149F3032FF59009517DE /* NSPersistentStoreRequestTests.m in Sources */,
				CED014A03032FF59009517DE /* NSIncrementalStoreNodeTests.m in Sources */,
				CED014A13032FF59009517DE /* NSManagedObjectModelTests.m in Sources */,
				CED014A23032FF59009517DE /* MappingModelTests.m in Sources */,
				CED014A33032FF59009517DE /* NSXMLPersistentStoreTests.m in Sources */,
				CED014A43032FF59009517DE /* NSPersistentStoreCoordinatorTests.m in Sources */,
				CED014A53032FF59009517DE /* VersionHashTests.m in Sources */,
				CED014A63032FF59009517DE /* NSPersistentStoreCoordinatorTypeMismatchTests.m in Sources */,
				CED014A73032FF59009517DE /* StoreVersioningTests.m in Sources */,
				CED014B03032FF59009517DE /* NSSQLitePersistentStoreTests.m in Sources */,
				CED014A83032FF59009517DE /* MemoryIncrementalStore.m in Sources */,
				CED014A93032FF59009517DE /* NSManagedObjectContextTests.m in Sources */,
				CED014E13032FF59009517DE /* NSFetchedResultsControllerTests.m in Sources */,
				CED014AA3032FF59009517DE /* NSIncrementalStoreTests.m in Sources */,
				CED014AB3032FF59009517DE /* VersioningTestModels.m in Sources */,
				CED014AC3032FF59009517DE /* NSFetchRequestTests.m in Sources */,
				CE9446BC30373B5C00D23BA1 /* NSDerivedAttributeTests.m in Sources */,
				CE9446BE30390AAA00D23BA1 /* NSCountAndExistingObjectTests.m in Sources */,
				CE9446C0303A0BBB00D23BA1 /* NSPendingChangesFetchTests.m in Sources */,
				CED014C13032FF59009517DE /* NSManagedObjectValidationTests.m in Sources */,
				CED014C33032FF59009517DE /* NSManagedObjectLifecycleTests.m in Sources */,
				CE9446BA30371F9600D23BA1 /* NSTransformableAttributeTests.m in Sources */,
				CED014C53032FF59009517DE /* NSMergePolicyTests.m in Sources */,
			);
			runOnlyForDeploymentPostprocessing = 0;
		};
/* End PBXSourcesBuildPhase section */

/* Begin XCBuildConfiguration section */
		47D53771281D97E3FA007F14 /* Release */ = {
			isa = XCBuildConfiguration;
			buildSettings = {
				CLANG_ENABLE_OBJC_ARC = YES;
				CODE_SIGN_STYLE = Automatic;
				GENERATE_INFOPLIST_FILE = YES;
				MACOSX_DEPLOYMENT_TARGET = 12.0;
				MTL_ENABLE_DEBUG_INFO = NO;
				PRODUCT_BUNDLE_IDENTIFIER = net.objc.CoreDataTests;
				PRODUCT_NAME = "$(TARGET_NAME)";
				SDKROOT = macosx;
			};
			name = Release;
		};
		7BA3C016E0B5B57210B31A9D /* Debug */ = {
			isa = XCBuildConfiguration;
			buildSettings = {
				CLANG_ENABLE_OBJC_ARC = YES;
				CODE_SIGN_STYLE = Automatic;
				GENERATE_INFOPLIST_FILE = YES;
				MACOSX_DEPLOYMENT_TARGET = 12.0;
				MTL_ENABLE_DEBUG_INFO = INCLUDE_SOURCE;
				PRODUCT_BUNDLE_IDENTIFIER = net.objc.CoreDataTests;
				PRODUCT_NAME = "$(TARGET_NAME)";
				SDKROOT = macosx;
				SWIFT_OBJC_BRIDGING_HEADER = "";
			};
			name = Debug;
		};
		FA9139DD8B03E3F922556BF8 /* Debug */ = {
			isa = XCBuildConfiguration;
			buildSettings = {
				ALWAYS_SEARCH_USER_PATHS = NO;
				CLANG_ANALYZER_NONNULL = YES;
				CLANG_ENABLE_MODULES = YES;
				CLANG_ENABLE_OBJC_ARC = YES;
				GCC_OPTIMIZATION_LEVEL = 0;
				MACOSX_DEPLOYMENT_TARGET = 12.0;
				SDKROOT = macosx;
			};
			name = Debug;
		};
		FFE2104CCFAB79205AC64460 /* Release */ = {
			isa = XCBuildConfiguration;
			buildSettings = {
				ALWAYS_SEARCH_USER_PATHS = NO;
				CLANG_ANALYZER_NONNULL = YES;
				CLANG_ENABLE_MODULES = YES;
				CLANG_ENABLE_OBJC_ARC = YES;
				MACOSX_DEPLOYMENT_TARGET = 12.0;
				SDKROOT = macosx;
			};
			name = Release;
		};
/* End XCBuildConfiguration section */

/* Begin XCConfigurationList section */
		56283EBD6DD86A56CED63937 /* Build configuration list for PBXProject "CoreDataTests" */ = {
			isa = XCConfigurationList;
			buildConfigurations = (
				FA9139DD8B03E3F922556BF8 /* Debug */,
				FFE2104CCFAB79205AC64460 /* Release */,
			);
			defaultConfigurationIsVisible = 0;
			defaultConfigurationName = Release;
		};
		DA175CD1FA74D86433C5E017 /* Build configuration list for PBXNativeTarget "CoreDataTests" */ = {
			isa = XCConfigurationList;
			buildConfigurations = (
				7BA3C016E0B5B57210B31A9D /* Debug */,
				47D53771281D97E3FA007F14 /* Release */,
			);
			defaultConfigurationIsVisible = 0;
			defaultConfigurationName = Release;
		};
/* End XCConfigurationList section */
	};
	rootObject = 46F86FAA6BBF9AC94A7E4595 /* Project object */;
}
